// !$*UTF8*$!
{
	archiveVersion = 1;
	classes = {
	};
	objectVersion = 55;
	objects = {

/* Begin PBXBuildFile section */
		C5659901286F2A1200769BA0 /* FileManager.swift in Sources */ = {isa = PBXBuildFile; fileRef = C5659900286F2A1200769BA0 /* FileManager.swift */; };
		C58FDCCC286ECAA400C5F8FA /* DiceApp.swift in Sources */ = {isa = PBXBuildFile; fileRef = C58FDCCB286ECAA400C5F8FA /* DiceApp.swift */; };
		C58FDCCE286ECAA400C5F8FA /* ContentView.swift in Sources */ = {isa = PBXBuildFile; fileRef = C58FDCCD286ECAA400C5F8FA /* ContentView.swift */; };
		C58FDCD0286ECAA600C5F8FA /* Assets.xcassets in Resources */ = {isa = PBXBuildFile; fileRef = C58FDCCF286ECAA600C5F8FA /* Assets.xcassets */; };
		C58FDCD3286ECAA600C5F8FA /* Preview Assets.xcassets in Resources */ = {isa = PBXBuildFile; fileRef = C58FDCD2286ECAA600C5F8FA /* Preview Assets.xcassets */; };
		C58FDCDA286ECD6D00C5F8FA /* Throw.swift in Sources */ = {isa = PBXBuildFile; fileRef = C58FDCD9286ECD6D00C5F8FA /* Throw.swift */; };
		C58FDCDC286ECFB500C5F8FA /* DiceManager.swift in Sources */ = {isa = PBXBuildFile; fileRef = C58FDCDB286ECFB500C5F8FA /* DiceManager.swift */; };
/* End PBXBuildFile section */

/* Begin PBXFileReference section */
		C5659900286F2A1200769BA0 /* FileManager.swift */ = {isa = PBXFileReference; lastKnownFileType = sourcecode.swift; path = FileManager.swift; sourceTree = "<group>"; };
		C58FDCC8286ECAA400C5F8FA /* Dice.app */ = {isa = PBXFileReference; explicitFileType = wrapper.application; includeInIndex = 0; path = Dice.app; sourceTree = BUILT_PRODUCTS_DIR; };
		C58FDCCB286ECAA400C5F8FA /* DiceApp.swift */ = {isa = PBXFileReference; lastKnownFileType = sourcecode.swift; path = DiceApp.swift; sourceTree = "<group>"; };
		C58FDCCD286ECAA400C5F8FA /* ContentView.swift */ = {isa = PBXFileReference; lastKnownFileType = sourcecode.swift; path = ContentView.swift; sourceTree = "<group>"; };
		C58FDCCF286ECAA600C5F8FA /* Assets.xcassets */ = {isa = PBXFileReference; lastKnownFileType = folder.assetcatalog; path = Assets.xcassets; sourceTree = "<group>"; };
		C58FDCD2286ECAA600C5F8FA /* Preview Assets.xcassets */ = {isa = PBXFileReference; lastKnownFileType = folder.assetcatalog; path = "Preview Assets.xcassets"; sourceTree = "<group>"; };
		C58FDCD9286ECD6D00C5F8FA /* Throw.swift */ = {isa = PBXFileReference; lastKnownFileType = sourcecode.swift; path = Throw.swift; sourceTree = "<group>"; };
		C58FDCDB286ECFB500C5F8FA /* DiceManager.swift */ = {isa = PBXFileReference; lastKnownFileType = sourcecode.swift; path = DiceManager.swift; sourceTree = "<group>"; };
/* End PBXFileReference section */

/* Begin PBXFrameworksBuildPhase section */
		C58FDCC5286ECAA400C5F8FA /* Frameworks */ = {
			isa = PBXFrameworksBuildPhase;
			buildActionMask = 2147483647;
			files = (
			);
			runOnlyForDeploymentPostprocessing = 0;
		};
/* End PBXFrameworksBuildPhase section */

/* Begin PBXGroup section */
		C58FDCBF286ECAA400C5F8FA = {
			isa = PBXGroup;
			children = (
				C58FDCCA286ECAA400C5F8FA /* Dice */,
				C58FDCC9286ECAA400C5F8FA /* Products */,
			);
			sourceTree = "<group>";
		};
		C58FDCC9286ECAA400C5F8FA /* Products */ = {
			isa = PBXGroup;
			children = (
				C58FDCC8286ECAA400C5F8FA /* Dice.app */,
			);
			name = Products;
			sourceTree = "<group>";
		};
		C58FDCCA286ECAA400C5F8FA /* Dice */ = {
			isa = PBXGroup;
			children = (
				C58FDCCB286ECAA400C5F8FA /* DiceApp.swift */,
				C58FDCCD286ECAA400C5F8FA /* ContentView.swift */,
				C5659900286F2A1200769BA0 /* FileManager.swift */,
				C58FDCD9286ECD6D00C5F8FA /* Throw.swift */,
				C58FDCDB286ECFB500C5F8FA /* DiceManager.swift */,
				C58FDCCF286ECAA600C5F8FA /* Assets.xcassets */,
				C58FDCD1286ECAA600C5F8FA /* Preview Content */,
			);
			path = Dice;
			sourceTree = "<group>";
		};
		C58FDCD1286ECAA600C5F8FA /* Preview Content */ = {
			isa = PBXGroup;
			children = (
				C58FDCD2286ECAA600C5F8FA /* Preview Assets.xcassets */,
			);
			path = "Preview Content";
			sourceTree = "<group>";
		};
/* End PBXGroup section */

/* Begin PBXNativeTarget section */
		C58FDCC7286ECAA400C5F8FA /* Dice */ = {
			isa = PBXNativeTarget;
			buildConfigurationList = C58FDCD6286ECAA600C5F8FA /* Build configuration list for PBXNativeTarget "Dice" */;
			buildPhases = (
				C58FDCC4286ECAA400C5F8FA /* Sources */,
				C58FDCC5286ECAA400C5F8FA /* Frameworks */,
				C58FDCC6286ECAA400C5F8FA /* Resources */,
			);
			buildRules = (
			);
			dependencies = (
			);
			name = Dice;
			productName = Dice;
			productReference = C58FDCC8286ECAA400C5F8FA /* Dice.app */;
			productType = "com.apple.product-type.application";
		};
/* End PBXNativeTarget section */

/* Begin PBXProject section */
		C58FDCC0286ECAA400C5F8FA /* Project object */ = {
			isa = PBXProject;
			attributes = {
				BuildIndependentTargetsInParallel = 1;
				LastSwiftUpdateCheck = 1340;
				LastUpgradeCheck = 1340;
				TargetAttributes = {
					C58FDCC7286ECAA400C5F8FA = {
						CreatedOnToolsVersion = 13.4.1;
					};
				};
			};
			buildConfigurationList = C58FDCC3286ECAA400C5F8FA /* Build configuration list for PBXProject "Dice" */;
			compatibilityVersion = "Xcode 13.0";
			developmentRegion = en;
			hasScannedForEncodings = 0;
			knownRegions = (
				en,
				Base,
			);
			mainGroup = C58FDCBF286ECAA400C5F8FA;
			productRefGroup = C58FDCC9286ECAA400C5F8FA /* Products */;
			projectDirPath = "";
			projectRoot = "";
			targets = (
				C58FDCC7286ECAA400C5F8FA /* Dice */,
			);
		};
/* End PBXProject section */

/* Begin PBXResourcesBuildPhase section */
		C58FDCC6286ECAA400C5F8FA /* Resources */ = {
			isa = PBXResourcesBuildPhase;
			buildActionMask = 2147483647;
			files = (
				C58FDCD3286ECAA600C5F8FA /* Preview Assets.xcassets in Resources */,
				C58FDCD0286ECAA600C5F8FA /* Assets.xcassets in Resources */,
			);
			runOnlyForDeploymentPostprocessing = 0;
		};
/* End PBXResourcesBuildPhase section */

/* Begin PBXSourcesBuildPhase section */
		C58FDCC4286ECAA400C5F8FA /* Sources */ = {
			isa = PBXSourcesBuildPhase;
			buildActionMask = 2147483647;
			files = (
				C5659901286F2A1200769BA0 /* FileManager.swift in Sources */,
				C58FDCDC286ECFB500C5F8FA /* DiceManager.swift in Sources */,
				C58FDCCE286ECAA400C5F8FA /* ContentView.swift in Sources */,
				C58FDCDA286ECD6D00C5F8FA /* Throw.swift in Sources */,
				C58FDCCC286ECAA400C5F8FA /* DiceApp.swift in Sources */,
			);
			runOnlyForDeploymentPostprocessing = 0;
		};
/* End PBXSourcesBuildPhase section */

/* Begin XCBuildConfiguration section */
		C58FDCD4286ECAA600C5F8FA /* Debug */ = {
			isa = XCBuildConfiguration;
			buildSettings = {
				ALWAYS_SEARCH_USER_PATHS = NO;
				CLANG_ANALYZER_NONNULL = YES;
				CLANG_ANALYZER_NUMBER_OBJECT_CONVERSION = YES_AGGRESSIVE;
				CLANG_CXX_LANGUAGE_STANDARD = "gnu++17";
				CLANG_ENABLE_MODULES = YES;
				CLANG_ENABLE_OBJC_ARC = YES;
				CLANG_ENABLE_OBJC_WEAK = YES;
				CLANG_WARN_BLOCK_CAPTURE_AUTORELEASING = YES;
				CLANG_WARN_BOOL_CONVERSION = YES;
				CLANG_WARN_COMMA = YES;
				CLANG_WARN_CONSTANT_CONVERSION = YES;
				CLANG_WARN_DEPRECATED_OBJC_IMPLEMENTATIONS = YES;
				CLANG_WARN_DIRECT_OBJC_ISA_USAGE = YES_ERROR;
				CLANG_WARN_DOCUMENTATION_COMMENTS = YES;
				CLANG_WARN_EMPTY_BODY = YES;
				CLANG_WARN_ENUM_CONVERSION = YES;
				CLANG_WARN_INFINITE_RECURSION = YES;
				CLANG_WARN_INT_CONVERSION = YES;
				CLANG_WARN_NON_LITERAL_NULL_CONVERSION = YES;
				CLANG_WARN_OBJC_IMPLICIT_RETAIN_SELF = YES;
				CLANG_WARN_OBJC_LITERAL_CONVERSION = YES;
				CLANG_WARN_OBJC_ROOT_CLASS = YES_ERROR;
				CLANG_WARN_QUOTED_INCLUDE_IN_FRAMEWORK_HEADER = YES;
				CLANG_WARN_RANGE_LOOP_ANALYSIS = YES;
				CLANG_WARN_STRICT_PROTOTYPES = YES;
				CLANG_WARN_SUSPICIOUS_MOVE = YES;
				CLANG_WARN_UNGUARDED_AVAILABILITY = YES_AGGRESSIVE;
				CLANG_WARN_UNREACHABLE_CODE = YES;
				CLANG_WARN__DUPLICATE_METHOD_MATCH = YES;
				COPY_PHASE_STRIP = NO;
				DEBUG_INFORMATION_FORMAT = dwarf;
				ENABLE_STRICT_OBJC_MSGSEND = YES;
				ENABLE_TESTABILITY = YES;
				GCC_C_LANGUAGE_STANDARD = gnu11;
				GCC_DYNAMIC_NO_PIC = NO;
				GCC_NO_COMMON_BLOCKS = YES;
				GCC_OPTIMIZATION_LEVEL = 0;
				GCC_PREPROCESSOR_DEFINITIONS = (
					"DEBUG=1",
					"$(inherited)",
				);
				GCC_WARN_64_TO_32_BIT_CONVERSION = YES;
				GCC_WARN_ABOUT_RETURN_TYPE = YES_ERROR;
				GCC_WARN_UNDECLARED_SELECTOR = YES;
				GCC_WARN_UNINITIALIZED_AUTOS = YES_AGGRESSIVE;
				GCC_WARN_UNUSED_FUNCTION = YES;
				GCC_WARN_UNUSED_VARIABLE = YES;
				IPHONEOS_DEPLOYMENT_TARGET = 15.5;
				MTL_ENABLE_DEBUG_INFO = INCLUDE_SOURCE;
				MTL_FAST_MATH = YES;
				ONLY_ACTIVE_ARCH = YES;
				SDKROOT = iphoneos;
				SWIFT_ACTIVE_COMPILATION_CONDITIONS = DEBUG;
				SWIFT_OPTIMIZATION_LEVEL = "-Onone";
			};
			name = Debug;
		};
		C58FDCD5286ECAA600C5F8FA /* Release */ = {
			isa = XCBuildConfiguration;
			buildSettings = {
				ALWAYS_SEARCH_USER_PATHS = NO;
				CLANG_ANALYZER_NONNULL = YES;
				CLANG_ANALYZER_NUMBER_OBJECT_CONVERSION = YES_AGGRESSIVE;
				CLANG_CXX_LANGUAGE_STANDARD = "gnu++17";
				CLANG_ENABLE_MODULES = YES;
				CLANG_ENABLE_OBJC_ARC = YES;
				CLANG_ENABLE_OBJC_WEAK = YES;
				CLANG_WARN_BLOCK_CAPTURE_AUTORELEASING = YES;
				CLANG_WARN_BOOL_CONVERSION = YES;
				CLANG_WARN_COMMA = YES;
				CLANG_WARN_CONSTANT_CONVERSION = YES;
				CLANG_WARN_DEPRECATED_OBJC_IMPLEMENTATIONS = YES;
				CLANG_WARN_DIRECT_OBJC_ISA_USAGE = YES_ERROR;
				CLANG_WARN_DOCUMENTATION_COMMENTS = YES;
				CLANG_WARN_EMPTY_BODY = YES;
				CLANG_WARN_ENUM_CONVERSION = YES;
				CLANG_WARN_INFINITE_RECURSION = YES;
				CLANG_WARN_INT_CONVERSION = YES;
				CLANG_WARN_NON_LITERAL_NULL_CONVERSION = YES;
				CLANG_WARN_OBJC_IMPLICIT_RETAIN_SELF = YES;
				CLANG_WARN_OBJC_LITERAL_CONVERSION = YES;
				CLANG_WARN_OBJC_ROOT_CLASS = YES_ERROR;
				CLANG_WARN_QUOTED_INCLUDE_IN_FRAMEWORK_HEADER = YES;
				CLANG_WARN_RANGE_LOOP_ANALYSIS = YES;
				CLANG_WARN_STRICT_PROTOTYPES = YES;
				CLANG_WARN_SUSPICIOUS_MOVE = YES;
				CLANG_WARN_UNGUARDED_AVAILABILITY = YES_AGGRESSIVE;
				CLANG_WARN_UNREACHABLE_CODE = YES;
				CLANG_WARN__DUPLICATE_METHOD_MATCH = YES;
				COPY_PHASE_STRIP = NO;
				DEBUG_INFORMATION_FORMAT = "dwarf-with-dsym";
				ENABLE_NS_ASSERTIONS = NO;
				ENABLE_STRICT_OBJC_MSGSEND = YES;
				GCC_C_LANGUAGE_STANDARD = gnu11;
				GCC_NO_COMMON_BLOCKS = YES;
				GCC_WARN_64_TO_32_BIT_CONVERSION = YES;
				GCC_WARN_ABOUT_RETURN_TYPE = YES_ERROR;
				GCC_WARN_UNDECLARED_SELECTOR = YES;
				GCC_WARN_UNINITIALIZED_AUTOS = YES_AGGRESSIVE;
				GCC_WARN_UNUSED_FUNCTION = YES;
				GCC_WARN_UNUSED_VARIABLE = YES;
				IPHONEOS_DEPLOYMENT_TARGET = 15.5;
				MTL_ENABLE_DEBUG_INFO = NO;
				MTL_FAST_MATH = YES;
				SDKROOT = iphoneos;
				SWIFT_COMPILATION_MODE = wholemodule;
				SWIFT_OPTIMIZATION_LEVEL = "-O";
				VALIDATE_PRODUCT = YES;
			};
			name = Release;
		};
		C58FDCD7286ECAA600C5F8FA /* Debug */ = {
			isa = XCBuildConfiguration;
			buildSettings = {
				ASSETCATALOG_COMPILER_APPICON_NAME = AppIcon;
				ASSETCATALOG_COMPILER_GLOBAL_ACCENT_COLOR_NAME = AccentColor;
				CODE_SIGN_STYLE = Automatic;
				CURRENT_PROJECT_VERSION = 1;
				DEVELOPMENT_ASSET_PATHS = "\"Dice/Preview Content\"";
				DEVELOPMENT_TEAM = F2Q2TB3BFT;
				ENABLE_PREVIEWS = YES;
				GENERATE_INFOPLIST_FILE = YES;
				INFOPLIST_KEY_UIApplicationSceneManifest_Generation = YES;
				INFOPLIST_KEY_UIApplicationSupportsIndirectInputEvents = YES;
				INFOPLIST_KEY_UILaunchScreen_Generation = YES;
				INFOPLIST_KEY_UISupportedInterfaceOrientations_iPad = "UIInterfaceOrientationPortrait UIInterfaceOrientationPortraitUpsideDown UIInterfaceOrientationLandscapeLeft UIInterfaceOrientationLandscapeRight";
				INFOPLIST_KEY_UISupportedInterfaceOrientations_iPhone = "UIInterfaceOrientationPortrait UIInterfaceOrientationLandscapeLeft UIInterfaceOrientationLandscapeRight";
				LD_RUNPATH_SEARCH_PATHS = (
					"$(inherited)",
					"@executable_path/Frameworks",
				);
				MARKETING_VERSION = 1.0;
				PRODUCT_BUNDLE_IDENTIFIER = me.jooste.pieter.Dice;
				PRODUCT_NAME = "$(TARGET_NAME)";
				SWIFT_EMIT_LOC_STRINGS = YES;
				SWIFT_VERSION = 5.0;
				TARGETED_DEVICE_FAMILY = "1,2";
			};
			name = Debug;
		};
		C58FDCD8286ECAA600C5F8FA /* Release */ = {
			isa = XCBuildConfiguration;
			buildSettings = {
				ASSETCATALOG_COMPILER_APPICON_NAME = AppIcon;
				ASSETCATALOG_COMPILER_GLOBAL_ACCENT_COLOR_NAME = AccentColor;
				CODE_SIGN_STYLE = Automatic;
				CURRENT_PROJECT_VERSION = 1;
				DEVELOPMENT_ASSET_PATHS = "\"Dice/Preview Content\"";
				DEVELOPMENT_TEAM = F2Q2TB3BFT;
				ENABLE_PREVIEWS = YES;
				GENERATE_INFOPLIST_FILE = YES;
				INFOPLIST_KEY_UIApplicationSceneManifest_Generation = YES;
				INFOPLIST_KEY_UIApplicationSupportsIndirectInputEvents = YES;
				INFOPLIST_KEY_UILaunchScreen_Generation = YES;
				INFOPLIST_KEY_UISupportedInterfaceOrientations_iPad = "UIInterfaceOrientationPortrait UIInterfaceOrientationPortraitUpsideDown UIInterfaceOrientationLandscapeLeft UIInterfaceOrientationLandscapeRight";
				INFOPLIST_KEY_UISupportedInterfaceOrientations_iPhone = "UIInterfaceOrientationPortrait UIInterfaceOrientationLandscapeLeft UIInterfaceOrientationLandscapeRight";
				LD_RUNPATH_SEARCH_PATHS = (
					"$(inherited)",
					"@executable_path/Frameworks",
				);
				MARKETING_VERSION = 1.0;
				PRODUCT_BUNDLE_IDENTIFIER = me.jooste.pieter.Dice;
				PRODUCT_NAME = "$(TARGET_NAME)";
				SWIFT_EMIT_LOC_STRINGS = YES;
				SWIFT_VERSION = 5.0;
				TARGETED_DEVICE_FAMILY = "1,2";
			};
			name = Release;
		};
/* End XCBuildConfiguration section */

/* Begin XCConfigurationList section */
		C58FDCC3286ECAA400C5F8FA /* Build configuration list for PBXProject "Dice" */ = {
			isa = XCConfigurationList;
			buildConfigurations = (
				C58FDCD4286ECAA600C5F8FA /* Debug */,
				C58FDCD5286ECAA600C5F8FA /* Release */,
			);
			defaultConfigurationIsVisible = 0;
			defaultConfigurationName = Release;
		};
		C58FDCD6286ECAA600C5F8FA /* Build configuration list for PBXNativeTarget "Dice" */ = {
			isa = XCConfigurationList;
			buildConfigurations = (
				C58FDCD7286ECAA600C5F8FA /* Debug */,
				C58FDCD8286ECAA600C5F8FA /* Release */,
			);
			defaultConfigurationIsVisible = 0;
			defaultConfigurationName = Release;
		};
/* End XCConfigurationList section */
	};
	rootObject = C58FDCC0286ECAA400C5F8FA /* Project object */;
}
